{
    "_meta": {
        "hash": {
            "sha256": "e583156a319641ec6cfc58abf1b52a8bceb635e0db54e18d5d2d1ab95e758235"
        },
        "pipfile-spec": 6,
        "requires": {
            "python_full_version": "3.13.9",
            "python_version": "3.13"
        },
        "sources": [
            {
                "name": "pypi",
                "url": "https://pypi.org/simple",
                "verify_ssl": true
            }
        ]
    },
    "default": {
        "deprecated": {
            "hashes": [
                "sha256:597bfef186b6f60181535a29fbe44865ce137a5079f295b479886c82729d5f3f",
                "sha256:b1b50e0ff0c1fddaa5708a2c6b0a6588bb09b892825ab2b214ac9ea9d92a5223"
            ],
            "markers": "python_version >= '2.7' and python_version not in '3.0, 3.1, 3.2, 3.3'",
            "version": "==1.3.1"
        },
        "dv": {
            "hashes": [
                "sha256:7974f5eab1b655bfdcde15549a23ef2c0726d6994bfbf0174540ce953f0ec83a"
            ],
            "index": "pypi",
            "markers": "python_version >= '3'",
            "version": "==1.0.12"
        },
        "dv-processing": {
            "hashes": [
                "sha256:0b70166cc8cf5ec3d76700825d6e201f05c418f47d9a78ad60043af8a3ce9a3d",
                "sha256:16bd374cc65ba31cdcb053ab57f4530d8efcc93a40da1884f45b2650772131d6",
                "sha256:1700d2d3589a9d55facf5c0e9d3d4c0f05b9a91050415dcff520676e1d39082c",
                "sha256:25b92eb69bdfaf442e990ae76d405e7c1b2a60172c2f261b30ad6437ae8ad331",
                "sha256:26dbfc3d3856d1723bf538324dd354a7b6184ba81d2d970f5dae7766159f185d",
                "sha256:2c8467a4ead1bbd2f265d8a30b4ed5231671e53ef7a898b98b674c008aaf5f41",
                "sha256:30ce781f69e573dc9152708060ec7248ec10d5c92f21d5ff81faba80032acd00",
                "sha256:34f56b0483a3812a00ad524a6d276ba83cc86438c7dee5ec920a6c8bf8e03785",
                "sha256:37c007114f9c15e6fed38f0f068c123930ba5562aeb7063e53cf42b4fd00f844",
                "sha256:4033a03a48a71a7a691581e3e35f097e91ea788ca5746a5d809348a90e142f3c",
                "sha256:442d4e7a1887178a4be0643d2f4e060e190fe9d65a180ea52d9beb2a2d514aae",
                "sha256:5078dbd9a05aedd5ff6e0e665ecadaafa304a0c265a28d23135c4c06aefc7165",
                "sha256:6328ef4fb5b5a28ef43c17284bef5bd49cb377ed67846cb42a772df99ae1b7e1",
                "sha256:680e6ed54133c0612fe57e32596f783b909debe163a4dd5ea0290ec20fe7b5ae",
                "sha256:6bd0b3d0de427403debb294b6fc3355a9ac24665fbd6c3e20a86de12e9d6bb21",
                "sha256:770548899a481323fe72a752cad5e4f7aa510bcb168710650892d7a918a3f9cb",
                "sha256:801263a65ef75c06eff67f0a8f3197675b2a0a9cde91ef76b823189a6f9c995a",
                "sha256:8072eb42a54e809f9fc3efdf0ab4208d59cb35ebc5289505ccef7b3b6b2c0373",
                "sha256:8f4025f5abd074ff30ae203ec30fbdcb1e283ea4cc464f0d0930c9bfd112e0a0",
                "sha256:928d662b899ce595bdb0a77fec288886b57d6ab4e453358a8a8ad1c74c84738a",
                "sha256:94e6466baf1d51e138200fc6b98c62515091f466dc91974ebe0b402756947756",
                "sha256:9f87b122d8800cfe20534081dd1d4ac1e8cfcb4bc44744d8a4bdfb50518b49d1",
                "sha256:b671b6916a0fce640003d0a34cb9922024f56d29e7975e871b9d8d93f34cb963",
                "sha256:ba3de7e6a361fa94253fcdb94a85578228ef486c960b6c257fb9ac1667549476",
                "sha256:ba47ee4b8fd552c76302c4cf8cefd6dceaceb727173e8559a6cff7921c917683",
                "sha256:c7a00ead07163d7dfc5c436fb3664861197c3d57001d9be81f8466933f8a18a2",
                "sha256:d5b9ffe21513e2b1a4d2a4648b639adc84f0e0fd16af5b05c11a0e40f182297b",
                "sha256:dc7284fe113cf05780819ca6dcdec5c025ccbd48d445eab0cecb8d6799e41333",
                "sha256:def09d3adaac7f63aee1d55fa143bc5451c157dbf38e52f3b123f46f2415a1e7",
                "sha256:e209e218d90299bcb062e4a8f5834d43b3025a6f0e2c82b3769e682f9ed021ea",
                "sha256:e2ff31e0fbcae8e1968cc4397a34264ba879a76f75072832b0045abd60ff7db2",
                "sha256:e8e114381699f365f734c429c412828704e1f535eb92bec6fea638e5cbe49174",
                "sha256:e9f6f203ebb97416ae386a1a5c8d40e9beeca7a0381084269288cb2ae86ddce7",
                "sha256:eb43bb446c6e073048b4194c123e245eaa6adc983fd1d16a866bfdfa19badd2b",
                "sha256:ee51a6f72b5b231def178cf34ca98ebd4e9b02faa4066739e0747d42af2ca805",
                "sha256:f1ede520b8d223cb2bf361be82440cbffb79a17c4ea9c278442caedcad645216",
                "sha256:f3dafb2b1dd5ac4b31ca02d07a5ff29abaf818fc9c7fc5b28f88ae944cc3f2e8",
                "sha256:fb64e35010269d8bb357e64691507f7902b663deb6bc10df838f6e508985c280",
                "sha256:fd8eb5863f641408043bfb953f861fdbdad96679aa30e1513dc4723582d60067",
                "sha256:fec691a4ff8fd31f100d1d977b560e668d91c6f8bbd7b075b4931a4be498ed20",
                "sha256:fecb85e5cfa772502816cf164396d6f3e29a71389bc75dc712a0cdd58bbb8095",
                "sha256:ff1f11ee45b41df81bde46b026ca7ce60f173bd727419b7500f64b6a669edaf0"
            ],
            "index": "pypi",
            "markers": "python_version >= '3.8'",
            "version": "==2.0.2"
        },
        "flatbuffers": {
            "hashes": [
                "sha256:255538574d6cb6d0a79a17ec8bc0d30985913b87513a01cce8bcdb6b4c44d0e2",
                "sha256:676f9fa62750bb50cf531b42a0a2a118ad8f7f797a511eda12881c016f093b12"
            ],
            "version": "==25.9.23"
        },
        "lz4": {
            "hashes": [
                "sha256:0846e6e78f374156ccf21c631de80967e03cc3c01c373c665789dc0c5431e7fc",
                "sha256:0bba042ec5a61fa77c7e380351a61cb768277801240249841defd2ff0a10742f",
                "sha256:12233624f1bc2cebc414f9efb3113a03e89acce3ab6f72035577bc61b270d24d",
                "sha256:13254bd78fef50105872989a2dc3418ff09aefc7d0765528adc21646a7288294",
                "sha256:15551280f5656d2206b9b43262799c89b25a25460416ec554075a8dc568e4397",
                "sha256:1dd4d91d25937c2441b9fc0f4af01704a2d09f30a38c5798bc1d1b5a15ec9581",
                "sha256:214e37cfe270948ea7eb777229e211c601a3e0875541c1035ab408fbceaddf50",
                "sha256:216ca0c6c90719731c64f41cfbd6f27a736d7e50a10b70fad2a9c9b262ec923d",
                "sha256:24092635f47538b392c4eaeff14c7270d2c8e806bf4be2a6446a378591c5e69e",
                "sha256:28ccaeb7c5222454cd5f60fcd152564205bcb801bd80e125949d2dfbadc76bbd",
                "sha256:2a2b7504d2dffed3fd19d4085fe1cc30cf221263fd01030819bdd8d2bb101cf1",
                "sha256:2c3ea562c3af274264444819ae9b14dbbf1ab070aff214a05e97db6896c7597e",
                "sha256:33dd86cea8375d8e5dd001e41f321d0a4b1eb7985f39be1b6a4f466cd480b8a7",
                "sha256:3b84a42da86e8ad8537aabef062e7f661f4a877d1c74d65606c49d835d36d668",
                "sha256:451039b609b9a88a934800b5fc6ee401c89ad9c175abf2f4d9f8b2e4ef1afc64",
                "sha256:533298d208b58b651662dd972f52d807d48915176e5b032fb4f8c3b6f5fe535c",
                "sha256:5f0b9e53c1e82e88c10d7c180069363980136b9d7a8306c4dca4f760d60c39f0",
                "sha256:609a69c68e7cfcfa9d894dc06be13f2e00761485b62df4e2472f1b66f7b405fb",
                "sha256:61d0ee03e6c616f4a8b69987d03d514e8896c8b1b7cc7598ad029e5c6aedfd43",
                "sha256:66c5de72bf4988e1b284ebdd6524c4bead2c507a2d7f172201572bac6f593901",
                "sha256:67531da3b62f49c939e09d56492baf397175ff39926d0bd5bd2d191ac2bff95f",
                "sha256:6bb05416444fafea170b07181bc70640975ecc2a8c92b3b658c554119519716c",
                "sha256:6d0bf51e7745484d2092b3a51ae6eb58c3bd3ce0300cf2b2c14f76c536d5697a",
                "sha256:713a777de88a73425cf08eb11f742cd2c98628e79a8673d6a52e3c5f0c116f33",
                "sha256:75419bb1a559af00250b8f1360d508444e80ed4b26d9d40ec5b09fe7875cb989",
                "sha256:7b62f94b523c251cf32aa4ab555f14d39bd1a9df385b72443fd76d7c7fb051f5",
                "sha256:7c4e7c44b6a31de77d4dc9772b7d2561937c9588a734681f70ec547cfbc51ecd",
                "sha256:7dc1e1e2dbd872f8fae529acd5e4839efd0b141eaa8ae7ce835a9fe80fbad89f",
                "sha256:83bc23ef65b6ae44f3287c38cbf82c269e2e96a26e560aa551735883388dcc4b",
                "sha256:8a842ead8ca7c0ee2f396ca5d878c4c40439a527ebad2b996b0444f0074ed004",
                "sha256:92159782a4502858a21e0079d77cdcaade23e8a5d252ddf46b0652604300d7be",
                "sha256:9b5e6abca8df9f9bdc5c3085f33ff32cdc86ed04c65e0355506d46a5ac19b6e9",
                "sha256:a1acbbba9edbcbb982bc2cac5e7108f0f553aebac1040fbec67a011a45afa1ba",
                "sha256:a2af2897333b421360fdcce895c6f6281dc3fab018d19d341cf64d043fc8d90d",
                "sha256:a482eecc0b7829c89b498fda883dbd50e98153a116de612ee7c111c8bcf82d1d",
                "sha256:a5f197ffa6fc0e93207b0af71b302e0a2f6f29982e5de0fbda61606dd3a55832",
                "sha256:a88cbb729cc333334ccfb52f070463c21560fca63afcf636a9f160a55fac3301",
                "sha256:b424df1076e40d4e884cfcc4c77d815368b7fb9ebcd7e634f937725cd9a8a72a",
                "sha256:bd85d118316b53ed73956435bee1997bd06cc66dd2fa74073e3b1322bd520a67",
                "sha256:c1cfa663468a189dab510ab231aad030970593f997746d7a324d40104db0d0a9",
                "sha256:c216b6d5275fc060c6280936bb3bb0e0be6126afb08abccde27eed23dead135f",
                "sha256:c8e71b14938082ebaf78144f3b3917ac715f72d14c076f384a4c062df96f9df6",
                "sha256:cdd4bdcbaf35056086d910d219106f6a04e1ab0daa40ec0eeef1626c27d0fddb",
                "sha256:d221fa421b389ab2345640a508db57da36947a437dfe31aeddb8d5c7b646c22d",
                "sha256:d64141085864918392c3159cdad15b102a620a67975c786777874e1e90ef15ce",
                "sha256:d6da84a26b3aa5da13a62e4b89ab36a396e9327de8cd48b436a3467077f8ccd4",
                "sha256:d994b87abaa7a88ceb7a37c90f547b8284ff9da694e6afcfaa8568d739faf3f7",
                "sha256:da68497f78953017deb20edff0dba95641cc86e7423dfadf7c0264e1ac60dc22",
                "sha256:daffa4807ef54b927451208f5f85750c545a4abbff03d740835fc444cd97f758",
                "sha256:df5aa4cead2044bab83e0ebae56e0944cc7fcc1505c7787e9e1057d6d549897e",
                "sha256:e099ddfaa88f59dd8d36c8a3c66bd982b4984edf127eb18e30bb49bdba68ce67",
                "sha256:e64e61f29cf95afb43549063d8433b46352baf0c8a70aa45e2585618fcf59d86",
                "sha256:e928ec2d84dc8d13285b4a9288fd6246c5cde4f5f935b479f50d986911f085e3",
                "sha256:f32b9e65d70f3684532358255dc053f143835c5f5991e28a5ac4c93ce94b9ea7",
                "sha256:f6538aaaedd091d6e5abdaa19b99e6e82697d67518f114721b5248709b639fad",
                "sha256:f9b8bde9909a010c75b3aea58ec3910393b758f3c219beed67063693df854db0",
                "sha256:ff1b50aeeec64df5603f17984e4b5be6166058dcf8f1e26a3da40d7a0f6ab547"
            ],
            "markers": "python_version >= '3.9'",
            "version": "==4.4.5"
        },
        "numpy": {
            "hashes": [
                "sha256:038613e9fb8c72b0a41f025a7e4c3f0b7a1b5d768ece4796b674c8f3fe13efff",
                "sha256:0678000bb9ac1475cd454c6b8c799206af8107e310843532b04d49649c717a47",
                "sha256:0811bb762109d9708cca4d0b13c4f67146e3c3b7cf8d34018c722adb2d957c84",
                "sha256:0b605b275d7bd0c640cad4e5d30fa701a8d59302e127e5f79138ad62762c3e3d",
                "sha256:0bca768cd85ae743b2affdc762d617eddf3bcf8724435498a1e80132d04879e6",
                "sha256:1bc23a79bfabc5d056d106f9befb8d50c31ced2fbc70eedb8155aec74a45798f",
                "sha256:287cc3162b6f01463ccd86be154f284d0893d2b3ed7292439ea97eafa8170e0b",
                "sha256:37c0ca431f82cd5fa716eca9506aefcabc247fb27ba69c5062a6d3ade8cf8f49",
                "sha256:37e990a01ae6ec7fe7fa1c26c55ecb672dd98b19c3d0e1d1f326fa13cb38d163",
                "sha256:389d771b1623ec92636b0786bc4ae56abafad4a4c513d36a55dce14bd9ce8571",
                "sha256:3d70692235e759f260c3d837193090014aebdf026dfd167834bcba43e30c2a42",
                "sha256:41c5a21f4a04fa86436124d388f6ed60a9343a6f767fced1a8a71c3fbca038ff",
                "sha256:481b49095335f8eed42e39e8041327c05b0f6f4780488f61286ed3c01368d491",
                "sha256:4eeaae00d789f66c7a25ac5f34b71a7035bb474e679f410e5e1a94deb24cf2d4",
                "sha256:55a4d33fa519660d69614a9fad433be87e5252f4b03850642f88993f7b2ca566",
                "sha256:5a6429d4be8ca66d889b7cf70f536a397dc45ba6faeb5f8c5427935d9592e9cf",
                "sha256:5bd4fc3ac8926b3819797a7c0e2631eb889b4118a9898c84f585a54d475b7e40",
                "sha256:5beb72339d9d4fa36522fc63802f469b13cdbe4fdab4a288f0c441b74272ebfd",
                "sha256:6031dd6dfecc0cf9f668681a37648373bddd6421fff6c66ec1624eed0180ee06",
                "sha256:71594f7c51a18e728451bb50cc60a3ce4e6538822731b2933209a1f3614e9282",
                "sha256:74d4531beb257d2c3f4b261bfb0fc09e0f9ebb8842d82a7b4209415896adc680",
                "sha256:7befc596a7dc9da8a337f79802ee8adb30a552a94f792b9c9d18c840055907db",
                "sha256:894b3a42502226a1cac872f840030665f33326fc3dac8e57c607905773cdcde3",
                "sha256:8e41fd67c52b86603a91c1a505ebaef50b3314de0213461c7a6e99c9a3beff90",
                "sha256:8e9ace4a37db23421249ed236fdcdd457d671e25146786dfc96835cd951aa7c1",
                "sha256:8fc377d995680230e83241d8a96def29f204b5782f371c532579b4f20607a289",
                "sha256:9551a499bf125c1d4f9e250377c1ee2eddd02e01eac6644c080162c0c51778ab",
                "sha256:b0544343a702fa80c95ad5d3d608ea3599dd54d4632df855e4c8d24eb6ecfa1c",
                "sha256:b093dd74e50a8cba3e873868d9e93a85b78e0daf2e98c6797566ad8044e8363d",
                "sha256:b412caa66f72040e6d268491a59f2c43bf03eb6c96dd8f0307829feb7fa2b6fb",
                "sha256:b4f13750ce79751586ae2eb824ba7e1e8dba64784086c98cdbbcc6a42112ce0d",
                "sha256:b64d8d4d17135e00c8e346e0a738deb17e754230d7e0810ac5012750bbd85a5a",
                "sha256:ba10f8411898fc418a521833e014a77d3ca01c15b0c6cdcce6a0d2897e6dbbdf",
                "sha256:bd48227a919f1bafbdda0583705e547892342c26fb127219d60a5c36882609d1",
                "sha256:c1f9540be57940698ed329904db803cf7a402f3fc200bfe599334c9bd84a40b2",
                "sha256:c820a93b0255bc360f53eca31a0e676fd1101f673dda8da93454a12e23fc5f7a",
                "sha256:ce47521a4754c8f4593837384bd3424880629f718d87c5d44f8ed763edd63543",
                "sha256:d042d24c90c41b54fd506da306759e06e568864df8ec17ccc17e9e884634fd00",
                "sha256:de749064336d37e340f640b05f24e9e3dd678c57318c7289d222a8a2f543e90c",
                "sha256:e1dda9c7e08dc141e0247a5b8f49cf05984955246a327d4c48bda16821947b2f",
                "sha256:e29554e2bef54a90aa5cc07da6ce955accb83f21ab5de01a62c8478897b264fd",
                "sha256:e3143e4451880bed956e706a3220b4e5cf6172ef05fcc397f6f36a550b1dd868",
                "sha256:e8213002e427c69c45a52bbd94163084025f533a55a59d6f9c5b820774ef3303",
                "sha256:efd28d4e9cd7d7a8d39074a4d44c63eda73401580c5c76acda2ce969e0a38e83",
                "sha256:f0fd6321b839904e15c46e0d257fdd101dd7f530fe03fd6359c1ea63738703f3",
                "sha256:f1372f041402e37e5e633e586f62aa53de2eac8d98cbfb822806ce4bbefcb74d",
                "sha256:f2618db89be1b4e05f7a1a847a9c1c0abd63e63a1607d892dd54668dd92faf87",
                "sha256:f447e6acb680fd307f40d3da4852208af94afdfab89cf850986c3ca00562f4fa",
                "sha256:f92729c95468a2f4f15e9bb94c432a9229d0d50de67304399627a943201baa2f",
                "sha256:f9f1adb22318e121c5c69a09142811a201ef17ab257a1e66ca3025065b7f53ae",
                "sha256:fc0c5673685c508a142ca65209b4e79ed6740a4ed6b2267dbba90f34b0b3cfda",
                "sha256:fc7b73d02efb0e18c000e9ad8b83480dfcd5dfd11065997ed4c6747470ae8915",
                "sha256:fd83c01228a688733f1ded5201c678f0c53ecc1006ffbc404db9f7a899ac6249",
                "sha256:fe27749d33bb772c80dcd84ae7e8df2adc920ae8297400dabec45f0dedb3f6de",
                "sha256:fee4236c876c4e8369388054d02d0e9bb84821feb1a64dd59e137e6511a551f8"
            ],
            "markers": "python_version >= '3.10'",
            "version": "==2.2.6"
        },
        "opencv-python": {
            "hashes": [
                "sha256:092c16da4c5a163a818f120c22c5e4a2f96e0db4f24e659c701f1fe629a690f9",
                "sha256:51fd981c7df6af3e8f70b1556696b05224c4e6b6777bdd2a46b3d4fb09de1a92",
                "sha256:812eb116ad2b4de43ee116fcd8991c3a687f099ada0b04e68f64899c09448e81",
                "sha256:8b738389cede219405f6f3880b851efa3415ccd674752219377353f017d2994d",
                "sha256:d98edb20aa932fd8ebd276a72627dad9dc097695b3d435a4257557bbb49a79d2",
                "sha256:f9a1f08883257b95a5764bf517a32d75aec325319c8ed0f89739a57fae9e92a5",
                "sha256:ff554d3f725b39878ac6a2e1fa232ec509c36130927afc18a1719ebf4fbf4357"
            ],
            "index": "pypi",
            "markers": "python_version >= '3.6'",
            "version": "==4.12.0.88"
        },
        "pybind11-stubgen": {
            "hashes": [
                "sha256:10824cd2fc5cbbee032b8fb39e6f6c08de232deb309bc66d786a6c6e8a4601bd",
                "sha256:758d6d6bbeefc62ad7f78d5e5bbf357ccf6af83cd4504f5f549403f452942708"
            ],
            "index": "pypi",
            "markers": "python_version ~= '3.7'",
            "version": "==2.5.5"
        },
        "wrapt": {
            "hashes": [
                "sha256:09c7476ab884b74dce081ad9bfd07fe5822d8600abade571cb1f66d5fc915af6",
                "sha256:0e17283f533a0d24d6e5429a7d11f250a58d28b4ae5186f8f47853e3e70d2590",
                "sha256:115cae4beed3542e37866469a8a1f2b9ec549b4463572b000611e9946b86e6f6",
                "sha256:1218573502a8235bb8a7ecaed12736213b22dcde9feab115fa2989d42b5ded45",
                "sha256:17fb85fa4abc26a5184d93b3efd2dcc14deb4b09edcdb3535a536ad34f0b4dba",
                "sha256:1e9b121e9aeb15df416c2c960b8255a49d44b4038016ee17af03975992d03931",
                "sha256:1f186e26ea0a55f809f232e92cc8556a0977e00183c3ebda039a807a42be1494",
                "sha256:1fdbb34da15450f2b1d735a0e969c24bdb8d8924892380126e2a293d9902078c",
                "sha256:23097ed8bc4c93b7bf36fa2113c6c733c976316ce0ee2c816f64ca06102034ef",
                "sha256:2879af909312d0baf35f08edeea918ee3af7ab57c37fe47cb6a373c9f2749c7b",
                "sha256:2afa23318136709c4b23d87d543b425c399887b4057936cd20386d5b1422b6fa",
                "sha256:2da620b31a90cdefa9cd0c2b661882329e2e19d1d7b9b920189956b76c564d75",
                "sha256:35cdbd478607036fee40273be8ed54a451f5f23121bd9d4be515158f9498f7ad",
                "sha256:36982b26f190f4d737f04a492a68accbfc6fa042c3f42326fdfbb6c5b7a20a31",
                "sha256:3793ac154afb0e5b45d1233cb94d354ef7a983708cc3bb12563853b1d8d53747",
                "sha256:386fb54d9cd903ee0012c09291336469eb7b244f7183d40dc3e86a16a4bace62",
                "sha256:3cd1a4bd9a7a619922a8557e1318232e7269b5fb69d4ba97b04d20450a6bf970",
                "sha256:3d32794fe940b7000f0519904e247f902f0149edbe6316c710a8562fb6738841",
                "sha256:3d366aa598d69416b5afedf1faa539fac40c1d80a42f6b236c88c73a3c8f2d41",
                "sha256:3e271346f01e9c8b1130a6a3b0e11908049fe5be2d365a5f402778049147e7e9",
                "sha256:3f373a4ab5dbc528a94334f9fe444395b23c2f5332adab9ff4ea82f5a9e33bc1",
                "sha256:3fa272ca34332581e00bf7773e993d4f632594eb2d1b0b162a9038df0fd971dd",
                "sha256:47434236c396d04875180171ee1f3815ca1eada05e24a1ee99546320d54d1d1b",
                "sha256:47b0f8bafe90f7736151f61482c583c86b0693d80f075a58701dd1549b0010a9",
                "sha256:4811e15d88ee62dbf5c77f2c3ff3932b1e3ac92323ba3912f51fc4016ce81ecf",
                "sha256:49989061a9977a8cbd6d20f2efa813f24bf657c6990a42967019ce779a878dbf",
                "sha256:4ae879acc449caa9ed43fc36ba08392b9412ee67941748d31d94e3cedb36628c",
                "sha256:4b55cacc57e1dc2d0991dbe74c6419ffd415fb66474a02335cb10efd1aa3f84f",
                "sha256:4d2ce1bf1a48c5277d7969259232b57645aae5686dba1eaeade39442277afbca",
                "sha256:4da7384b0e5d4cae05c97cd6f94faaf78cc8b0f791fc63af43436d98c4ab37bb",
                "sha256:4e54bbf554ee29fcceee24fa41c4d091398b911da6e7f5d7bffda963c9aed2e1",
                "sha256:50844efc8cdf63b2d90cd3d62d4947a28311e6266ce5235a219d21b195b4ec2c",
                "sha256:5a4939eae35db6b6cec8e7aa0e833dcca0acad8231672c26c2a9ab7a0f8ac9c8",
                "sha256:5dc1b852337c6792aa111ca8becff5bacf576bf4a0255b0f05eb749da6a1643e",
                "sha256:5e53b428f65ece6d9dad23cb87e64506392b720a0b45076c05354d27a13351a1",
                "sha256:61c4956171c7434634401db448371277d07032a81cc21c599c22953374781395",
                "sha256:641e94e789b5f6b4822bb8d8ebbdfc10f4e4eae7756d648b717d980f657a9eb9",
                "sha256:64b103acdaa53b7caf409e8d45d39a8442fe6dcfec6ba3f3d141e0cc2b5b4dbd",
                "sha256:68424221a2dc00d634b54f92441914929c5ffb1c30b3b837343978343a3512a3",
                "sha256:6bd1a18f5a797fe740cb3d7a0e853a8ce6461cc62023b630caec80171a6b8097",
                "sha256:6c72328f668cf4c503ffcf9434c2b71fdd624345ced7941bc6693e61bbe36bef",
                "sha256:6d2d947d266d99a1477cd005b23cbd09465276e302515e122df56bb9511aca1b",
                "sha256:7164a55f5e83a9a0b031d3ffab4d4e36bbec42e7025db560f225489fa929e509",
                "sha256:7b219cb2182f230676308cdcacd428fa837987b89e4b7c5c9025088b8a6c9faf",
                "sha256:7d539241e87b650cbc4c3ac9f32c8d1ac8a54e510f6dca3f6ab60dcfd48c9b10",
                "sha256:7de3cc939be0e1174969f943f3b44e0d79b6f9a82198133a5b7fc6cc92882f16",
                "sha256:8330b42d769965e96e01fa14034b28a2a7600fbf7e8f0cc90ebb36d492c993e4",
                "sha256:837e31620e06b16030b1d126ed78e9383815cbac914693f54926d816d35d8edf",
                "sha256:83ce30937f0ba0d28818807b303a412440c4b63e39d3d8fc036a94764b728c92",
                "sha256:85df8d92158cb8f3965aecc27cf821461bb5f40b450b03facc5d9f0d4d6ddec6",
                "sha256:8639b843c9efd84675f1e100ed9e99538ebea7297b62c4b45a7042edb84db03e",
                "sha256:89a82053b193837bf93c0f8a57ded6e4b6d88033a499dadff5067e912c2a41e9",
                "sha256:8bacfe6e001749a3b64db47bcf0341da757c95959f592823a93931a422395013",
                "sha256:8ec3303e8a81932171f455f792f8df500fc1a09f20069e5c16bd7049ab4e8e38",
                "sha256:90897ea1cf0679763b62e79657958cd54eae5659f6360fc7d2ccc6f906342183",
                "sha256:908f8c6c71557f4deaa280f55d0728c3bca0960e8c3dd5ceeeafb3c19942719d",
                "sha256:91bcc576260a274b169c3098e9a3519fb01f2989f6d3d386ef9cbf8653de1374",
                "sha256:9219a1d946a9b32bb23ccae66bdb61e35c62773ce7ca6509ceea70f344656b7b",
                "sha256:949520bccc1fa227274da7d03bf238be15389cd94e32e4297b92337df9b7a349",
                "sha256:98d873ed6c8b4ee2418f7afce666751854d6d03e3c0ec2a399bb039cd2ae89db",
                "sha256:9c9c635e78497cacb81e84f8b11b23e0aacac7a136e73b8e5b2109a1d9fc468f",
                "sha256:9ca66b38dd642bf90c59b6738af8070747b610115a39af2498535f62b5cdc1c3",
                "sha256:a453257f19c31b31ba593c30d997d6e5be39e3b5ad9148c2af5a7314061c63eb",
                "sha256:a52f93d95c8d38fed0669da2ebdb0b0376e895d84596a976c15a9eb45e3eccb3",
                "sha256:a9a83618c4f0757557c077ef71d708ddd9847ed66b7cc63416632af70d3e2308",
                "sha256:ab594f346517010050126fcd822697b25a7031d815bb4fbc238ccbe568216489",
                "sha256:ad3ee9d0f254851c71780966eb417ef8e72117155cff04821ab9b60549694a55",
                "sha256:aea9c7224c302bc8bfc892b908537f56c430802560e827b75ecbde81b604598b",
                "sha256:b4c2e3d777e38e913b8ce3a6257af72fb608f86a1df471cb1d4339755d0a807c",
                "sha256:b667189cf8efe008f55bbda321890bef628a67ab4147ebf90d182f2dadc78790",
                "sha256:b89ef9223d665ab255ae42cc282d27d69704d94be0deffc8b9d919179a609684",
                "sha256:be9e84e91d6497ba62594158d3d31ec0486c60055c49179edc51ee43d095f79c",
                "sha256:bf4cb76f36be5de950ce13e22e7fdf462b35b04665a12b64f3ac5c1bbbcf3728",
                "sha256:bfb5539005259f8127ea9c885bdc231978c06b7a980e63a8a61c8c4c979719d0",
                "sha256:c046781d422f0830de6329fa4b16796096f28a92c8aef3850674442cdcb87b7f",
                "sha256:c1be685ac7700c966b8610ccc63c3187a72e33cab53526a27b2a285a662cd4f7",
                "sha256:c1c91405fcf1d501fa5d55df21e58ea49e6b879ae829f1039faaf7e5e509b41e",
                "sha256:c235095d6d090aa903f1db61f892fffb779c1eaeb2a50e566b52001f7a0f66ed",
                "sha256:c4012a2bd37059d04f8209916aa771dfb564cccb86079072bdcd48a308b6a5c5",
                "sha256:c5ef2f2b8a53b7caee2f797ef166a390fef73979b15778a4a153e4b5fedce8fa",
                "sha256:c654eafb01afac55246053d67a4b9a984a3567c3808bb7df2f8de1c1caba2e1c",
                "sha256:c8d60527d1ecfc131426b10d93ab5d53e08a09c5fa0175f6b21b3252080c70a9",
                "sha256:c9e850f5b7fc67af856ff054c71690d54fa940c3ef74209ad9f935b4f66a0233",
                "sha256:cbeb0971e13b4bd81d34169ed57a6dda017328d1a22b62fda45e1d21dd06148f",
                "sha256:d1a8a09a004ef100e614beec82862d11fc17d601092c3599afd22b1f36e4137e",
                "sha256:d67956c676be5a24102c7407a71f4126d30de2a569a1c7871c9f3cabc94225d7",
                "sha256:d6cc985b9c8b235bd933990cdbf0f891f8e010b65a3911f7a55179cd7b0fc57b",
                "sha256:d7b822c61ed04ee6ad64bc90d13368ad6eb094db54883b5dde2182f67a7f22c0",
                "sha256:df0b6d3b95932809c5b3fecc18fda0f1e07452d05e2662a0b35548985f256e28",
                "sha256:e042d653a4745be832d5aa190ff80ee4f02c34b21f4b785745eceacd0907b815",
                "sha256:e2f84e9af2060e3904a32cea9bb6db23ce3f91cfd90c6b426757cf7cc01c45c7",
                "sha256:e3612dc06b436968dfb9142c62e5dfa9eb5924f91120b3c8ff501ad878f90eb3",
                "sha256:e505629359cb5f751e16e30cf3f91a1d3ddb4552480c205947da415d597f7ac2",
                "sha256:e60690ba71a57424c8d9ff28f8d006b7ad7772c22a4af432188572cd7fa004a1",
                "sha256:e76e3f91f864e89db8b8d2a8311d57df93f01ad6bb1e9b9976d1f2e83e18315c",
                "sha256:eb7cffe572ad0a141a7886a1d2efa5bef0bf7fe021deeea76b3ab334d2c38218",
                "sha256:ec65a78fbd9d6f083a15d7613b2800d5663dbb6bb96003899c834beaa68b242c",
                "sha256:eda8e4ecd662d48c28bb86be9e837c13e45c58b8300e43ba3c9b4fa9900302f7",
                "sha256:f26f8e2ca19564e2e1fdbb6a0e47f36e0efbab1acc31e15471fad88f828c75f6",
                "sha256:f49027b0b9503bf6c8cdc297ca55006b80c2f5dd36cecc72c6835ab6e10e8a25",
                "sha256:f73f9f7a0ebd0db139253d27e5fc8d2866ceaeef19c30ab5d69dcbe35e1a6981",
                "sha256:fa4184e74197af3adad3c889a1af95b53bb0466bced92ea99a0c014e48323eec",
                "sha256:fb1a5b72cbd751813adc02ef01ada0b0d05d3dcbc32976ce189a1279d80ad4a2",
                "sha256:fb3a86e703868561c5cad155a15c36c716e1ab513b7065bd2ac8ed353c503333",
                "sha256:fc007fdf480c77301ab1afdbb6ab22a5deee8885f3b1ed7afcb7e5e84a0e27be",
                "sha256:fe21b118b9f58859b5ebaa4b130dee18669df4bd111daad082b7beb8799ad16b",
                "sha256:fec0d993ecba3991645b4857837277469c8cc4c554a7e24d064d1ca291cfb81f"
            ],
            "markers": "python_version >= '3.8'",
            "version": "==2.0.1"
        },
        "zstd": {
            "hashes": [
                "sha256:047803d87d910f4905f48d99aeff1e0539ec2e4f4bf17d077701b5d0b2392a95",
                "sha256:05604a693fa53b60ca083992324b08dafd15a4ac37ac4cffe4b43b9eb93d4440",
                "sha256:07d2061df22a3efc06453089e6e8b96e58f5bb7a0c4074dcfd0b0ce243ddde72",
                "sha256:0a470f8938f69f632b8f88b96578a5e8825c18ddbbea7de63493f74874f963ef",
                "sha256:0d8c1dc947e5ccea3bd81043080213685faf1d43886c27c51851fabf325f05c0",
                "sha256:0f79492bf86aef6e594b11e29c5589ddd13253db3ada0c7a14fb176b132fb65e",
                "sha256:0f97f872cb78a4fd60b6c1024a65a4c52a971e9d991f33c7acd833ee73050f85",
                "sha256:114115af8c68772a3205414597f626b604c7879f6662a2a79c88312e0f50361f",
                "sha256:1b301b2f9dbb0e848093127fb10cbe6334a697dc3aea6740f0bb726450ee9a34",
                "sha256:1d71f9f92b3abe18b06b5f0aefa5b9c42112beef3bff27e36028d147cb4426a6",
                "sha256:1ff4c667f29101566a7b71f06bbd677a63192818396003354131f586383db042",
                "sha256:24371a7b0475eef7d933c72067d363c5dc17282d2aa5d4f5837774378718509e",
                "sha256:27e2ed58b64001c9ef0a8e028625477f1a6ed4ca949412ff6548544945cc59c2",
                "sha256:27e55aa2043ba7d8a08aba0978c652d4d5857338a8188aa84522569f3586c7bb",
                "sha256:2a653cdd2c52d60c28e519d44bde8d759f2c1837f0ff8e8e1b0045ca62fcf70e",
                "sha256:2bc21650f7b9c058a3c4cb503e906fe9cce293941ec1b48bc5d005c3b4422b42",
                "sha256:2bf6447373782a2a9df3015121715f6d0b80a49a884c2d7d4518c9571e9fca16",
                "sha256:2cec2472760d48a7a3445beaba509d3f7850e200fed65db15a1a66e315baec6a",
                "sha256:300db1ede4d10f8b9b3b99ca52b22f0e2303dc4f1cf6994d1f8345ce22dd5a7e",
                "sha256:30d339d8e5c4b14c2015b50371fcdb8a93b451ca6d3ef813269ccbb8b3b3ef7d",
                "sha256:346d1e4774d89a77d67fc70d53964bfca57c0abecfd885a4e00f87fd7c71e074",
                "sha256:3b14793d2a2cb3a7ddd1cf083321b662dd20bc11143abc719456e9bfd22a32aa",
                "sha256:3e220d2d7005822bb72a52e76410ca4634f941d8062c08e8e3285733c63b1db7",
                "sha256:426e5c6b7b3e2401b734bfd08050b071e17c15df5e3b31e63651d1fd9ba4c751",
                "sha256:44a5142123d59a0dbbd9ba9720c23521be57edbc24202223a5e17405c3bdd4a6",
                "sha256:489a0ff15caf7640851e63f85b680c4279c99094cd500a29c7ed3ab82505fce0",
                "sha256:4d5a85344193ec967d05da8e2c10aed400e2d83e16041d2fdfb713cfc8caceeb",
                "sha256:4f6861c8edceb25fda37cdaf422fc5f15dcc88ced37c6a5b3c9011eda51aa218",
                "sha256:5189fb44c44ab9b6c45f734bd7093a67686193110dc90dcfaf0e3a31b2385f38",
                "sha256:52f27a198e2a72632bae12ec63ebaa31b10e3d5f3dd3df2e01376979b168e2e6",
                "sha256:53375b23f2f39359ade944169bbd88f8895eed91290ee608ccbc28810ac360ba",
                "sha256:53948be45f286a1b25c07a6aa2aca5c902208eb3df9fe36cf891efa0394c8b71",
                "sha256:53abf577aec7b30afa3c024143f4866676397c846b44f1b30d8097b5e4f5c7d7",
                "sha256:5414c9ae27069ab3ec8420fe8d005cb1b227806cbc874a7b4c73a96b4697a633",
                "sha256:5540ce1c99fa0b59dad2eff771deb33872754000da875be50ac8c2beab42b433",
                "sha256:55e2edc4560a5cf8ee9908595e90a15b1f47536ea9aad4b2889f0e6165890a38",
                "sha256:56c4b8cd0a88fd721213661c28b87b64fbd14b6019df39b21b0117a68162b0f2",
                "sha256:594f256fa72852ade60e3acb909f983d5cf6839b9fc79728dd4b48b31112058f",
                "sha256:5a73f0f20f71d4eef970a3fed7baac64d9a2a00b238acc4eca2bd7172bd7effb",
                "sha256:5e530b75452fdcff4ea67268d9e7cb37a38e7abbac84fa845205f0b36da81aaf",
                "sha256:5fb2ff5718fe89181223c23ce7308bd0b4a427239379e2566294da805d8df68a",
                "sha256:624022851c51dd6d6b31dbfd793347c4bd6339095e8383e2f74faf4f990b04c6",
                "sha256:632e3c1b7e1ebb0580f6d92b781a8f7901d367cf72725d5642e6d3a32e404e45",
                "sha256:6584fd081a6e7d92dffa8e7373d1fced6b3cbf473154b82c17a99438c5e1de51",
                "sha256:660945ba16c16957c94dafc40aff1db02a57af0489aa3a896866239d47bb44b0",
                "sha256:6922ceac5f2d60bb57a7875168c8aa442477b83e8951f2206cf1e9be788b0a6e",
                "sha256:6d8684c69009be49e1b18ec251a5eb0d7e24f93624990a8a124a1da66a92fc8a",
                "sha256:6e684e27064b6550aa2e7dc85d171ea1b62cb5930a2c99b3df9b30bf620b5c06",
                "sha256:6f5539a10b838ee576084870eed65b63c13845e30a5b552cfe40f7e6b621e61a",
                "sha256:6f8189bc58415758bbbd419695012194f5e5e22c34553712d9a3eb009c09808d",
                "sha256:70231ba799d681b6fc17456c3e39895c493b5dff400aa7842166322a952b7f2a",
                "sha256:70d0c4324549073e05aa72e9eb6a593f89cba59da804b946d325d68467b93ad5",
                "sha256:70f29e0504fc511d4b9f921e69637fca79c050e618ba23732a3f75c044814d89",
                "sha256:7206934a2bd390080e972a1fed5a897e184dfd71dbb54e978dc11c6b295e1806",
                "sha256:73cec37649fda383348dc8b3b5fba535f1dbb1bbaeb60fd36f4c145820208619",
                "sha256:74c3f006c9a3a191ed454183f0fb78172444f5cb431be04d85044a27f1b58c7b",
                "sha256:787bcf55cefc08d27aca34c6dcaae1a24940963d1a73d4cec894ee458c541ac4",
                "sha256:7b13e7eef9aa192804d38bf413924d347c6f6c6ac07f5a0c1ae4a6d7b3af70f0",
                "sha256:7c1cc65fc2789dd97a98202df840537de186ed04fd1804a17fcb15d1232442c4",
                "sha256:7e0027b20f296d1c9a8e85b8436834cf46560240a29d623aa8eaa8911832eb58",
                "sha256:7e998f86a9d1e576c0158bf0b0a6a5c4685679d74ba0053a2e87f684f9bdc8eb",
                "sha256:8291d393321fac30604c6bbf40067103fee315aa476647a5eaecf877ee53496f",
                "sha256:83a36bb1fd574422a77b36ccf3315ab687aef9a802b0c3312ca7006b74eeb109",
                "sha256:8526a32fa9f67b07fd09e62474e345f8ca1daf3e37a41137643d45bd1bc90773",
                "sha256:86e64c71b4d00bf28be50e4941586e7874bdfa74858274d9f7571dd5dda92086",
                "sha256:883e7b77a3124011b8badd0c7c9402af3884700a3431d07877972e157d85afb8",
                "sha256:8c3f4bb8508bc54c00532931da4a5261f08493363da14a5526c986765973e35d",
                "sha256:8cc35cc25e2d4a0f68020f05cba96912a2881ebaca890d990abe37aa3aa27045",
                "sha256:8dc542a9818712a9fb37563fa88cdbbbb2b5f8733111d412b718fa602b83ba45",
                "sha256:8e97933addfd71ea9608306f18dc18e7d2a5e64212ba2bb9a4ccb6d714f9f280",
                "sha256:910bd9eac2488439f597504756b03c74aa63ed71b21e5d0aa2c7e249b3f1c13f",
                "sha256:92590cf54318849d492445c885f1a42b9dbb47cdc070659c7cb61df6e8531047",
                "sha256:92f072819fc0c7e8445f51a232c9ad76642027c069d2f36470cdb5e663839cdb",
                "sha256:9714d5642867fceb22e4ab74aebf81a2e62dc9206184d603cb39277b752d5885",
                "sha256:97b908ccb385047b0c020ce3dc55e6f51078c9790722fdb3620c076be4a69ecf",
                "sha256:9838ec7eb9f1beb2f611b9bcac7a169cb3de708ccf779aead29787e4482fe232",
                "sha256:9a24d492c63555b55e6bc73a9e82a38bf7c3e8f7cde600f079210ed19cb061f2",
                "sha256:9dc05618eb0abceb296b77e5f608669c12abc69cbf447d08151bcb14d290ab07",
                "sha256:a03608499794148f39c932c508d4eb3622e79ca2411b1d0438a2ee8cafdc0111",
                "sha256:a130243e875de5aeda6099d12b11bc2fcf548dce618cf6b17f731336ba5338e4",
                "sha256:a200c479ee1bb661bc45518e016a1fdc215a1d8f7e4bf6c7de0af254976cfdf6",
                "sha256:a371274668182ae06be2e321089b207fa0a75a58ae2fd4dfb7eafded9e041b2f",
                "sha256:a59a136a9eaa1849d715c004e30344177e85ad6e7bc4a5d0b6ad2495c5402675",
                "sha256:a6105b8fa21dbc59e05b6113e8e5d5aaf56c5d2886aa5778d61030af3256bbb7",
                "sha256:a62c2f6f7b8fc69767392084828740bd6faf35ff54d4ccb2e90e199327c64140",
                "sha256:ac7bdfedda51b1fcdcf0ab69267d01256fc97ddf666ce894fde0fae9f3630eac",
                "sha256:ae1100776cb400100e2d2f427b50dc983c005c38cd59502eb56d2cfea3402ad5",
                "sha256:b011bf4cfad78cdf9116d6731234ff181deb9560645ffdcc8d54861ae5d1edfc",
                "sha256:b13285c99cc710f60dd270785ec75233018870a1831f5655d862745470a0ca29",
                "sha256:b5af6aa041b5515934afef2ef4af08566850875c3c890109088eedbe190eeefb",
                "sha256:b835405cc4080b378e45029f2fe500e408d1eaedfba7dd7402aba27af16955f9",
                "sha256:b9518caabf59405eddd667bbb161d9ae7f13dbf96967fd998d095589c8d41c86",
                "sha256:baf4e8b46d8934d4e85373f303eb048c63897fc4191d8ab301a1bbdf30b7a3cc",
                "sha256:bb1cb423fc40468cc9b7ab51a5b33c618eefd2c910a5bffed6ed76fe1cbb20b0",
                "sha256:c21d44981b068551f13097be3809fadb7f81617d0c21b2c28a7d04653dde958f",
                "sha256:c59218bd36a7431a40591504f299de836ea0d63bc68ea76d58c4cf5262f0fa3c",
                "sha256:c6abf4ab9a9d1feb14bc3cbcc32d723d340ce43b79b1812805916f3ac069b073",
                "sha256:cdb5ec80da299f63f8aeccec0bff3247e96252d4c8442876363ff1b438d8049b",
                "sha256:ceae57e369e1b821b8f2b4c59bc08acd27d8e4bf9687bfa5211bc4cdb080fe7b",
                "sha256:d0b0ca097efb5f67157c61a744c926848dcccf6e913df2f814e719aa78197a4b",
                "sha256:d104f1cb2a7c142007c29a2a62dfe633155c648317a465674e583c295e5f792d",
                "sha256:d17ac6d2584168247796174e599d4adbee00153246287e68881efaf8d48a6970",
                "sha256:d2ebe3e60dbace52525fa7aa604479e231dc3e4fcc76d0b4c54d8abce5e58734",
                "sha256:d3f14c5c405ea353b68fe105236780494eb67c756ecd346fd295498f5eab6d24",
                "sha256:d6b17e5581dd1a13437079bd62838d2635db8eb8aca9c0e9251faa5d4d40a6d7",
                "sha256:d6ee5dfada4c8fa32f43cc092fcf7d8482da6ad242c22fdf780f7eebd0febcc7",
                "sha256:d7131bb4e55d075cb7847555a1e17fca5b816a550c9b9ac260c01799b6f8e8d9",
                "sha256:d9d1bcb6441841c599883139c1b0e47bddb262cce04b37dc2c817da5802c1158",
                "sha256:df8083c40fdbfe970324f743f0b5ecc244c37736e5f3ad2670de61dde5e0b024",
                "sha256:e17104d0e88367a7571dde4286e233126c8551691ceff11f9ae2e3a3ac1bb483",
                "sha256:e2476ba12597e58c5fc7a3ae547ee1bef9dd6b9d5ea80cf8d4034930c5a336e0",
                "sha256:e4cf97bb97ed6dbb62d139d68fd42fa1af51fd26fd178c501f7b62040e897c50",
                "sha256:ebf6c1d7f0ceb0af5a383d2a1edc8ab9ace655e62a41c8a4ed5a031ee2ef8006",
                "sha256:edf816c218e5978033b7bb47dcb453dfb71038cb8a9bf4877f3f823e74d58174",
                "sha256:eea9bddf06f3f5e1e450fd647665c86df048a45e8b956d53522387c1dff41b7a",
                "sha256:ef201b6f7d3a6751d85cc52f9e6198d4d870e83d490172016b64a6dd654a9583",
                "sha256:f19a3e658d92b6b52020c4c6d4c159480bcd3b47658773ea0e8d343cee849f33",
                "sha256:f2dda0c76f87723fb7f75d7ad3bbd90f7fb47b75051978d22535099325111b41",
                "sha256:f51a965871b25911e06d421212f9be7f7bcd3cedc43ea441a8a73fad9952baa0",
                "sha256:f576ec00e99db124309dac1e1f34bc320eb69624189f5fdaf9ebe1dc81581a84",
                "sha256:f5d159e57a13147aa8293c0f14803a75e9039fd8afdf6cf1c8c2289fb4d2333a",
                "sha256:f799c1e9900ad77e7a3d994b9b5146d7cfd1cbd1b61c3db53a697bf21ffcc57b",
                "sha256:f97d8593da0e23a47f148a1cb33300dccd513fb0df9f7911c274e228a8c1a300",
                "sha256:f9cf09c2aa6f67750fe9f33fdd122f021b1a23bf7326064a8e21f7af7e77faee",
                "sha256:faf3fd38ba26167c5a085c04b8c931a216f1baf072709db7a38e61dea52e316e",
                "sha256:fd6262788a98807d6b2befd065d127db177c1cd76bb8e536e0dded419eb7c7fb"
            ],
            "version": "==1.5.7.2"
        }
    },
    "develop": {}
}
